{
  "nodes": {
    "cachyos": {
      "inputs": {
        "flake-compat": "flake-compat",
        "flake-parts": "flake-parts",
        "nixpkgs": [
          "nixpkgs"
        ]
      },
      "locked": {
        "lastModified": 1786989576,
        "narHash": "sha256-Jro2RpF1ztNVSPEkzmr+Qc0pUOIhZ76Efg49SoRgSBE=",
        "owner": "xddxdd",
        "repo": "nix-cachyos-kernel",
        "rev": "8d8e6d187674d138720bbd9094e150fed6101d11",
        "type": "github"
      },
      "original": {
        "owner": "xddxdd",
        "repo": "nix-cachyos-kernel",
        "type": "github"
      }
    },
    "flake-compat": {
      "flake": false,
      "locked": {
        "lastModified": 1767039857,
        "narHash": "sha256-vNpUSpF5Nuw8xvDLj2KCwwksIbjua2LZCqhV1LNRDns=",
        "owner": "NixOS",
        "repo": "flake-compat",
        "rev": "5edf11c44bc78a0d334f6334cdaf7d60d732daab",
        "type": "github"
      },
      "original": {
        "owner": "NixOS",
        "repo": "flake-compat",
        "type": "github"
      }
    },
    "flake-parts": {
      "inputs": {
        "nixpkgs-lib": "nixpkgs-lib"
      },
      "locked": {
        "lastModified": 1785627969,
        "narHash": "sha256-4dtXQk/NMePegK/nWp5NSeuZKLATItOq61lpEvmXqGw=",
        "owner": "hercules-ci",
        "repo": "flake-parts",
        "rev": "427bf4bd9435fdf21321c8cc628c24efc14c0f7a",
        "type": "github"
      },
      "original": {
        "owner": "hercules-ci",
        "repo": "flake-parts",
        "type": "github"
      }
    },
    "flake-parts_2": {
      "inputs": {
        "nixpkgs-lib": "nixpkgs-lib_2"
      },
      "locked": {
        "lastModified": 1782949081,
        "narHash": "sha256-vp6Y/Grm98ESt6ceOkWiHWyZRDV3J1RID4w+6NWK9yA=",
        "owner": "hercules-ci",
        "repo": "flake-parts",
        "rev": "17c9d6cdfc60c64f4ee8d306f9bc0b4ccb51481e",
        "type": "github"
      },
      "original": {
        "owner": "hercules-ci",
        "repo": "flake-parts",
        "type": "github"
      }
    },
    "flake-utils": {
      "inputs": {
        "systems": [
          "mangowm",
          "scenefx",
          "systems"
        ]
      },
      "locked": {
        "lastModified": 1731533236,
        "narHash": "sha256-l0KFg5HjrsfsO/JpG+r7fRrqm12kzFHyUHqHCVpMMbI=",
        "owner": "numtide",
        "repo": "flake-utils",
        "rev": "11707dc2f618dd54ca8739b309ec4fc024de578b",
        "type": "github"
      },
      "original": {
        "owner": "numtide",
        "repo": "flake-utils",
        "type": "github"
      }
    },
    "home-manager": {
      "inputs": {
        "nixpkgs": [
          "zen-browser",
          "nixpkgs"
        ]
      },
      "locked": {
        "lastModified": 1786719456,
        "narHash": "sha256-B74DLQs/VjlqyhnnX3tguWwghqJHWSJX30TKZuAljIg=",
        "owner": "nix-community",
        "repo": "home-manager",
        "rev": "83b7606dcf44abe3a94b86e8bb2b3355d22e8797",
        "type": "github"
      },
      "original": {
        "owner": "nix-community",
        "repo": "home-manager",
        "type": "github"
      }
    },
    "lyricspot": {
      "inputs": {
        "nixpkgs": "nixpkgs"
      },
      "locked": {
        "lastModified": 1786032720,
        "narHash": "sha256-nxh2FkyLJ403TupinlltVKYKRswr79/UOnsmr1AUnPE=",
        "path": "/etc/nixos/flakes/lyricspot",
        "type": "path"
      },
      "original": {
        "path": "/etc/nixos/flakes/lyricspot",
        "type": "path"
      }
    },
    "mangowm": {
      "inputs": {
        "flake-parts": "flake-parts_2",
        "nixpkgs": [
          "nixpkgs"
        ],
        "scenefx": "scenefx"
      },
      "locked": {
        "lastModified": 1787027812,
        "narHash": "sha256-yWmMXRs9l8S/D68djhT207oKTrc9KR5fBWsxoPxyiZ0=",
        "owner": "mangowm",
        "repo": "mango",
        "rev": "6cf03353ab07cad4306c2cc10b9063161717a6f3",
        "type": "github"
      },
      "original": {
        "owner": "mangowm",
        "repo": "mango",
        "type": "github"
      }
    },
    "nixpkgs": {
      "locked": {
        "lastModified": 1785967620,
        "narHash": "sha256-IItrdb7Puk05RqOBWZYFC5X6Wl1sJmCfh5MWVHw5iMM=",
        "owner": "NixOS",
        "repo": "nixpkgs",
        "rev": "b7c2ada94fe99c15b0dbcf4d11fd7850b957a436",
        "type": "github"
      },
      "original": {
        "owner": "NixOS",
        "ref": "nixos-unstable",
        "repo": "nixpkgs",
        "type": "github"
      }
    },
    "nixpkgs-lib": {
      "locked": {
        "lastModified": 1785031560,
        "narHash": "sha256-OmshNvn2vupOFpYinLUu+1Dnpu4n7Q5N3ggGVNHpkUI=",
        "owner": "nix-community",
        "repo": "nixpkgs.lib",
        "rev": "0e79af5e3d4dcfcd676ab5ba3f95d2e3352e078c",
        "type": "github"
      },
      "original": {
        "owner": "nix-community",
        "repo": "nixpkgs.lib",
        "type": "github"
      }
    },
    "nixpkgs-lib_2": {
      "locked": {
        "lastModified": 1782614948,
        "narHash": "sha256-ePjCwr1sNm9NYUqywL7QfK3JnlS015msC+eBu2zKlp8=",
        "owner": "nix-community",
        "repo": "nixpkgs.lib",
        "rev": "db3f255737b94216eb71cce308e2912cf6bc2d7c",
        "type": "github"
      },
      "original": {
        "owner": "nix-community",
        "repo": "nixpkgs.lib",
        "type": "github"
      }
    },
    "nixpkgs_2": {
      "locked": {
        "lastModified": 1786862985,
        "narHash": "sha256-FBJRXmbGXiSUDvYEbfLYRkckayyZ6SK1UEqhCrIZ2Cs=",
        "owner": "nixos",
        "repo": "nixpkgs",
        "rev": "e5bdc4a41d4c072fe1e3787eaa0320a384741d44",
        "type": "github"
      },
      "original": {
        "owner": "nixos",
        "ref": "nixos-unstable",
        "repo": "nixpkgs",
        "type": "github"
      }
    },
    "nixpkgs_3": {
      "locked": {
        "lastModified": 1786599213,
        "narHash": "sha256-yjGG65gA1jORt0hWxjzrnw3AYkIn8EWolp8vezwXZ3I=",
        "rev": "0e251e24a4f24e036a084b6b4b2d2491af4167f4",
        "type": "tarball",
        "url": "https://releases.nixos.org/nixos/unstable/nixos-26.11pre1053317.0e251e24a4f2/nixexprs.tar.xz"
      },
      "original": {
        "type": "tarball",
        "url": "https://channels.nixos.org/nixos-unstable/nixexprs.tar.xz"
      }
    },
    "nixpkgs_4": {
      "locked": {
        "lastModified": 1786862985,
        "narHash": "sha256-FBJRXmbGXiSUDvYEbfLYRkckayyZ6SK1UEqhCrIZ2Cs=",
        "owner": "NixOS",
        "repo": "nixpkgs",
        "rev": "e5bdc4a41d4c072fe1e3787eaa0320a384741d44",
        "type": "github"
      },
      "original": {
        "owner": "NixOS",
        "ref": "nixos-unstable",
        "repo": "nixpkgs",
        "type": "github"
      }
    },
    "nixpkgs_5": {
      "locked": {
        "lastModified": 1786862985,
        "narHash": "sha256-FBJRXmbGXiSUDvYEbfLYRkckayyZ6SK1UEqhCrIZ2Cs=",
        "owner": "NixOS",
        "repo": "nixpkgs",
        "rev": "e5bdc4a41d4c072fe1e3787eaa0320a384741d44",
        "type": "github"
      },
      "original": {
        "owner": "NixOS",
        "ref": "nixos-unstable",
        "repo": "nixpkgs",
        "type": "github"
      }
    },
    "noctalia": {
      "inputs": {
        "nixpkgs": [
          "nixpkgs"
        ]
      },
      "locked": {
        "lastModified": 1787021519,
        "narHash": "sha256-OtaVtZZgyeRKzgqkk/js06EglglHCPMA4xyryp7eYzk=",
        "owner": "noctalia-dev",
        "repo": "noctalia",
        "rev": "b5c1bfaace0c3b1b36f227970e389f9d20295937",
        "type": "github"
      },
      "original": {
        "owner": "noctalia-dev",
        "repo": "noctalia",
        "type": "github"
      }
    },
    "proxy-suite": {
      "inputs": {
        "nixpkgs": "nixpkgs_4",
        "zapret": "zapret"
      },
      "locked": {
        "lastModified": 1786949983,
        "narHash": "sha256-4yzPIzhsKsqvR7iDZLlW/DELtZpoZDRIElklA6CISpw=",
        "owner": "FUFSoB",
        "repo": "proxy-suite-flake",
        "rev": "539f6a13ee6e96aaa931f66351bfc88c612e7364",
        "type": "github"
      },
      "original": {
        "owner": "FUFSoB",
        "repo": "proxy-suite-flake",
        "type": "github"
      }
    },
    "root": {
      "inputs": {
        "cachyos": "cachyos",
        "lyricspot": "lyricspot",
        "mangowm": "mangowm",
        "nixpkgs": "nixpkgs_2",
        "noctalia": "noctalia",
        "spicetify-nix": "spicetify-nix",
        "tg-ws-proxy": "tg-ws-proxy",
        "zapret-discord-youtube": "zapret-discord-youtube",
        "zen-browser": "zen-browser"
      }
    },
    "scenefx": {
      "inputs": {
        "flake-utils": "flake-utils",
        "nixpkgs": [
          "mangowm",
          "nixpkgs"
        ],
        "systems": "systems"
      },
      "locked": {
        "lastModified": 1782624992,
        "narHash": "sha256-vUjLG6eubEhJJVa9LPygIcVmNoHwYbSUTJcWEcbxnU4=",
        "owner": "wlrfx",
        "repo": "scenefx",
        "rev": "37ccd723bef49e6891156ffafce8f549f01446cc",
        "type": "github"
      },
      "original": {
        "owner": "wlrfx",
        "repo": "scenefx",
        "type": "github"
      }
    },
    "spicetify-nix": {
      "inputs": {
        "nixpkgs": "nixpkgs_3",
        "systems": "systems_2"
      },
      "locked": {
        "lastModified": 1786855359,
        "narHash": "sha256-yeKMWFCPeoIKmPBLLvP1/15ulOJO8i9ZIlSSXGuW6aw=",
        "owner": "Gerg-L",
        "repo": "spicetify-nix",
        "rev": "0f478ff79b82abb785160cd4531293f61d21be86",
        "type": "github"
      },
      "original": {
        "owner": "Gerg-L",
        "repo": "spicetify-nix",
        "type": "github"
      }
    },
    "systems": {
      "locked": {
        "lastModified": 1689347949,
        "narHash": "sha256-12tWmuL2zgBgZkdoB6qXZsgJEH9LR3oUgpaQq2RbI80=",
        "owner": "nix-systems",
        "repo": "default-linux",
        "rev": "31732fcf5e8fea42e59c2488ad31a0e651500f68",
        "type": "github"
      },
      "original": {
        "owner": "nix-systems",
        "repo": "default-linux",
        "type": "github"
      }
    },
    "systems_2": {
      "locked": {
        "lastModified": 1681028828,
        "narHash": "sha256-Vy1rq5AaRuLzOxct8nz4T6wlgyUR7zLU309k9mBC768=",
        "owner": "nix-systems",
        "repo": "default",
        "rev": "da67096a3b9bf56a91d16901293e51ba5b49a27e",
        "type": "github"
      },
      "original": {
        "owner": "nix-systems",
        "repo": "default",
        "type": "github"
      }
    },
    "tg-ws-proxy": {
      "inputs": {
        "proxy-suite": "proxy-suite"
      },
      "locked": {
        "lastModified": 1785664657,
        "narHash": "sha256-39ZFEDWrhXQ9OJ0eJjWStEyEJk/zN8R6WNJiYeWEs00=",
        "path": "/etc/nixos/flakes/tg-ws-proxy",
        "type": "path"
      },
      "original": {
        "path": "/etc/nixos/flakes/tg-ws-proxy",
        "type": "path"
      }
    },
    "zapret": {
      "inputs": {
        "nixpkgs": [
          "tg-ws-proxy",
          "proxy-suite",
          "nixpkgs"
        ],
        "zapret-flowseal": "zapret-flowseal"
      },
      "locked": {
        "lastModified": 1786907827,
        "narHash": "sha256-FFWwH9QxoPGyMNJvjqPoFlB10pUtQhKkWxNiJWb+gt4=",
        "owner": "kartavkun",
        "repo": "zapret-discord-youtube",
        "rev": "3b99a88a3a199a118558f6063288a01693e48ee7",
        "type": "github"
      },
      "original": {
        "owner": "kartavkun",
        "repo": "zapret-discord-youtube",
        "type": "github"
      }
    },
    "zapret-discord-youtube": {
      "inputs": {
        "nixpkgs": "nixpkgs_5",
        "zapret-flowseal": "zapret-flowseal_2"
      },
      "locked": {
        "lastModified": 1786907827,
        "narHash": "sha256-FFWwH9QxoPGyMNJvjqPoFlB10pUtQhKkWxNiJWb+gt4=",
        "owner": "kartavkun",
        "repo": "zapret-discord-youtube",
        "rev": "3b99a88a3a199a118558f6063288a01693e48ee7",
        "type": "github"
      },
      "original": {
        "owner": "kartavkun",
        "repo": "zapret-discord-youtube",
        "type": "github"
      }
    },
    "zapret-flowseal": {
      "flake": false,
      "locked": {
        "lastModified": 1786894729,
        "narHash": "sha256-v1A9eiapP3wCfQS33ZBKD7oP3GGqIpSc9yF11VYpexI=",
        "owner": "Flowseal",
        "repo": "zapret-discord-youtube",
        "rev": "1112e479e5a4a669fc3fabfcdbba8b2443cfdcf6",
        "type": "github"
      },
      "original": {
        "owner": "Flowseal",
        "repo": "zapret-discord-youtube",
        "type": "github"
      }
    },
    "zapret-flowseal_2": {
      "flake": false,
      "locked": {
        "lastModified": 1786894729,
        "narHash": "sha256-v1A9eiapP3wCfQS33ZBKD7oP3GGqIpSc9yF11VYpexI=",
        "owner": "Flowseal",
        "repo": "zapret-discord-youtube",
        "rev": "1112e479e5a4a669fc3fabfcdbba8b2443cfdcf6",
        "type": "github"
      },
      "original": {
        "owner": "Flowseal",
        "repo": "zapret-discord-youtube",
        "type": "github"
      }
    },
    "zen-browser": {
      "inputs": {
        "home-manager": "home-manager",
        "nixpkgs": [
          "nixpkgs"
        ]
      },
      "locked": {
        "lastModified": 1787021741,
        "narHash": "sha256-/h16jgfnGkh48iwMFPK0tY4NBLG2zp4m5HloCXstPAA=",
        "owner": "0xc000022070",
        "repo": "zen-browser-flake",
        "rev": "fd7d5b08ac2e4da35cf908cbbf762a9276f00ddd",
        "type": "github"
      },
      "original": {
        "owner": "0xc000022070",
        "repo": "zen-browser-flake",
        "type": "github"
      }
    }
  },
  "root": "root",
  "version": 7
}
